// !$*UTF8*$!
{
	archiveVersion = 1;
	classes = {
	};
	objectVersion = 55;
	objects = {

/* Begin PBXBuildFile section */
		AF878E3227EF835D0089793E /* BookwormApp.swift in Sources */ = {isa = PBXBuildFile; fileRef = AF878E3127EF835D0089793E /* BookwormApp.swift */; };
		AF878E3427EF835D0089793E /* ContentView.swift in Sources */ = {isa = PBXBuildFile; fileRef = AF878E3327EF835D0089793E /* ContentView.swift */; };
		AF878E3627EF83600089793E /* Assets.xcassets in Resources */ = {isa = PBXBuildFile; fileRef = AF878E3527EF83600089793E /* Assets.xcassets */; };
		AF878E3927EF83600089793E /* Preview Assets.xcassets in Resources */ = {isa = PBXBuildFile; fileRef = AF878E3827EF83600089793E /* Preview Assets.xcassets */; };
		AF878E4127EF885B0089793E /* Bookworm.xcdatamodeld in Sources */ = {isa = PBXBuildFile; fileRef = AF878E3F27EF885B0089793E /* Bookworm.xcdatamodeld */; };
		AF878E4327EF88DF0089793E /* DataController.swift in Sources */ = {isa = PBXBuildFile; fileRef = AF878E4227EF88DF0089793E /* DataController.swift */; };
		AF878E4527F0998E0089793E /* AddBookView.swift in Sources */ = {isa = PBXBuildFile; fileRef = AF878E4427F0998E0089793E /* AddBookView.swift */; };
		AF878E4727F09EA70089793E /* RatingView.swift in Sources */ = {isa = PBXBuildFile; fileRef = AF878E4627F09EA70089793E /* RatingView.swift */; };
		AF878E4927F0A1040089793E /* EmojiRatingView.swift in Sources */ = {isa = PBXBuildFile; fileRef = AF878E4827F0A1040089793E /* EmojiRatingView.swift */; };
		AFF9456E27F33ED1002EEA86 /* DetailView.swift in Sources */ = {isa = PBXBuildFile; fileRef = AFF9456D27F33ED1002EEA86 /* DetailView.swift */; };
/* End PBXBuildFile section */

/* Begin PBXFileReference section */
		AF878E2E27EF835D0089793E /* Bookworm.app */ = {isa = PBXFileReference; explicitFileType = wrapper.application; includeInIndex = 0; path = Bookworm.app; sourceTree = BUILT_PRODUCTS_DIR; };
		AF878E3127EF835D0089793E /* BookwormApp.swift */ = {isa = PBXFileReference; lastKnownFileType = sourcecode.swift; path = BookwormApp.swift; sourceTree = "<group>"; };
		AF878E3327EF835D0089793E /* ContentView.swift */ = {isa = PBXFileReference; lastKnownFileType = sourcecode.swift; path = ContentView.swift; sourceTree = "<group>"; };
		AF878E3527EF83600089793E /* Assets.xcassets */ = {isa = PBXFileReference; lastKnownFileType = folder.assetcatalog; path = Assets.xcassets; sourceTree = "<group>"; };
		AF878E3827EF83600089793E /* Preview Assets.xcassets */ = {isa = PBXFileReference; lastKnownFileType = folder.assetcatalog; path = "Preview Assets.xcassets"; sourceTree = "<group>"; };
		AF878E4027EF885B0089793E /* Bookworm.xcdatamodel */ = {isa = PBXFileReference; lastKnownFileType = wrapper.xcdatamodel; path = Bookworm.xcdatamodel; sourceTree = "<group>"; };
		AF878E4227EF88DF0089793E /* DataController.swift */ = {isa = PBXFileReference; lastKnownFileType = sourcecode.swift; path = DataController.swift; sourceTree = "<group>"; };
		AF878E4427F0998E0089793E /* AddBookView.swift */ = {isa = PBXFileReference; lastKnownFileType = sourcecode.swift; path = AddBookView.swift; sourceTree = "<group>"; };
		AF878E4627F09EA70089793E /* RatingView.swift */ = {isa = PBXFileReference; lastKnownFileType = sourcecode.swift; path = RatingView.swift; sourceTree = "<group>"; };
		AF878E4827F0A1040089793E /* EmojiRatingView.swift */ = {isa = PBXFileReference; lastKnownFileType = sourcecode.swift; path = EmojiRatingView.swift; sourceTree = "<group>"; };
		AFF9456D27F33ED1002EEA86 /* DetailView.swift */ = {isa = PBXFileReference; lastKnownFileType = sourcecode.swift; path = DetailView.swift; sourceTree = "<group>"; };
/* End PBXFileReference section */

/* Begin PBXFrameworksBuildPhase section */
		AF878E2B27EF835D0089793E /* Frameworks */ = {
			isa = PBXFrameworksBuildPhase;
			buildActionMask = 2147483647;
			files = (
			);
			runOnlyForDeploymentPostprocessing = 0;
		};
/* End PBXFrameworksBuildPhase section */

/* Begin PBXGroup section */
		AF878E2527EF835D0089793E = {
			isa = PBXGroup;
			children = (
				AF878E3027EF835D0089793E /* Bookworm */,
				AF878E2F27EF835D0089793E /* Products */,
			);
			sourceTree = "<group>";
		};
		AF878E2F27EF835D0089793E /* Products */ = {
			isa = PBXGroup;
			children = (
				AF878E2E27EF835D0089793E /* Bookworm.app */,
			);
			name = Products;
			sourceTree = "<group>";
		};
		AF878E3027EF835D0089793E /* Bookworm */ = {
			isa = PBXGroup;
			children = (
				AF878E3127EF835D0089793E /* BookwormApp.swift */,
				AF878E3327EF835D0089793E /* ContentView.swift */,
				AF878E4427F0998E0089793E /* AddBookView.swift */,
				AFF9456D27F33ED1002EEA86 /* DetailView.swift */,
				AF878E4627F09EA70089793E /* RatingView.swift */,
				AF878E4827F0A1040089793E /* EmojiRatingView.swift */,
				AF878E4227EF88DF0089793E /* DataController.swift */,
				AF878E3F27EF885B0089793E /* Bookworm.xcdatamodeld */,
				AF878E3527EF83600089793E /* Assets.xcassets */,
				AF878E3727EF83600089793E /* Preview Content */,
			);
			path = Bookworm;
			sourceTree = "<group>";
		};
		AF878E3727EF83600089793E /* Preview Content */ = {
			isa = PBXGroup;
			children = (
				AF878E3827EF83600089793E /* Preview Assets.xcassets */,
			);
			path = "Preview Content";
			sourceTree = "<group>";
		};
/* End PBXGroup section */

/* Begin PBXNativeTarget section */
		AF878E2D27EF835D0089793E /* Bookworm */ = {
			isa = PBXNativeTarget;
			buildConfigurationList = AF878E3C27EF83600089793E /* Build configuration list for PBXNativeTarget "Bookworm" */;
			buildPhases = (
				AF878E2A27EF835D0089793E /* Sources */,
				AF878E2B27EF835D0089793E /* Frameworks */,
				AF878E2C27EF835D0089793E /* Resources */,
			);
			buildRules = (
			);
			dependencies = (
			);
			name = Bookworm;
			productName = Bookworm;
			productReference = AF878E2E27EF835D0089793E /* Bookworm.app */;
			productType = "com.apple.product-type.application";
		};
/* End PBXNativeTarget section */

/* Begin PBXProject section */
		AF878E2627EF835D0089793E /* Project object */ = {
			isa = PBXProject;
			attributes = {
				BuildIndependentTargetsInParallel = 1;
				LastSwiftUpdateCheck = 1330;
				LastUpgradeCheck = 1330;
				TargetAttributes = {
					AF878E2D27EF835D0089793E = {
						CreatedOnToolsVersion = 13.3;
					};
				};
			};
			buildConfigurationList = AF878E2927EF835D0089793E /* Build configuration list for PBXProject "Bookworm" */;
			compatibilityVersion = "Xcode 13.0";
			developmentRegion = en;
			hasScannedForEncodings = 0;
			knownRegions = (
				en,
				Base,
			);
			mainGroup = AF878E2527EF835D0089793E;
			productRefGroup = AF878E2F27EF835D0089793E /* Products */;
			projectDirPath = "";
			projectRoot = "";
			targets = (
				AF878E2D27EF835D0089793E /* Bookworm */,
			);
		};
/* End PBXProject section */

/* Begin PBXResourcesBuildPhase section */
		AF878E2C27EF835D0089793E /* Resources */ = {
			isa = PBXResourcesBuildPhase;
			buildActionMask = 2147483647;
			files = (
				AF878E3927EF83600089793E /* Preview Assets.xcassets in Resources */,
				AF878E3627EF83600089793E /* Assets.xcassets in Resources */,
			);
			runOnlyForDeploymentPostprocessing = 0;
		};
/* End PBXResourcesBuildPhase section */

/* Begin PBXSourcesBuildPhase section */
		AF878E2A27EF835D0089793E /* Sources */ = {
			isa = PBXSourcesBuildPhase;
			buildActionMask = 2147483647;
			files = (
				AF878E3427EF835D0089793E /* ContentView.swift in Sources */,
				AFF9456E27F33ED1002EEA86 /* DetailView.swift in Sources */,
				AF878E4327EF88DF0089793E /* DataController.swift in Sources */,
				AF878E4927F0A1040089793E /* EmojiRatingView.swift in Sources */,
				AF878E4127EF885B0089793E /* Bookworm.xcdatamodeld in Sources */,
				AF878E4727F09EA70089793E /* RatingView.swift in Sources */,
				AF878E3227EF835D0089793E /* BookwormApp.swift in Sources */,
				AF878E4527F0998E0089793E /* AddBookView.swift in Sources */,
			);
			runOnlyForDeploymentPostprocessing = 0;
		};
/* End PBXSourcesBuildPhase section */

/* Begin XCBuildConfiguration section */
		AF878E3A27EF83600089793E /* Debug */ = {
			isa = XCBuildConfiguration;
			buildSettings = {
				ALWAYS_SEARCH_USER_PATHS = NO;
				CLANG_ANALYZER_NONNULL = YES;
				CLANG_ANALYZER_NUMBER_OBJECT_CONVERSION = YES_AGGRESSIVE;
				CLANG_CXX_LANGUAGE_STANDARD = "gnu++17";
				CLANG_ENABLE_MODULES = YES;
				CLANG_ENABLE_OBJC_ARC = YES;
				CLANG_ENABLE_OBJC_WEAK = YES;
				CLANG_WARN_BLOCK_CAPTURE_AUTORELEASING = YES;
				CLANG_WARN_BOOL_CONVERSION = YES;
				CLANG_WARN_COMMA = YES;
				CLANG_WARN_CONSTANT_CONVERSION = YES;
				CLANG_WARN_DEPRECATED_OBJC_IMPLEMENTATIONS = YES;
				CLANG_WARN_DIRECT_OBJC_ISA_USAGE = YES_ERROR;
				CLANG_WARN_DOCUMENTATION_COMMENTS = YES;
				CLANG_WARN_EMPTY_BODY = YES;
				CLANG_WARN_ENUM_CONVERSION = YES;
				CLANG_WARN_INFINITE_RECURSION = YES;
				CLANG_WARN_INT_CONVERSION = YES;
				CLANG_WARN_NON_LITERAL_NULL_CONVERSION = YES;
				CLANG_WARN_OBJC_IMPLICIT_RETAIN_SELF = YES;
				CLANG_WARN_OBJC_LITERAL_CONVERSION = YES;
				CLANG_WARN_OBJC_ROOT_CLASS = YES_ERROR;
				CLANG_WARN_QUOTED_INCLUDE_IN_FRAMEWORK_HEADER = YES;
				CLANG_WARN_RANGE_LOOP_ANALYSIS = YES;
				CLANG_WARN_STRICT_PROTOTYPES = YES;
				CLANG_WARN_SUSPICIOUS_MOVE = YES;
				CLANG_WARN_UNGUARDED_AVAILABILITY = YES_AGGRESSIVE;
				CLANG_WARN_UNREACHABLE_CODE = YES;
				CLANG_WARN__DUPLICATE_METHOD_MATCH = YES;
				COPY_PHASE_STRIP = NO;
				DEBUG_INFORMATION_FORMAT = dwarf;
				ENABLE_STRICT_OBJC_MSGSEND = YES;
				ENABLE_TESTABILITY = YES;
				GCC_C_LANGUAGE_STANDARD = gnu11;
				GCC_DYNAMIC_NO_PIC = NO;
				GCC_NO_COMMON_BLOCKS = YES;
				GCC_OPTIMIZATION_LEVEL = 0;
				GCC_PREPROCESSOR_DEFINITIONS = (
					"DEBUG=1",
					"$(inherited)",
				);
				GCC_WARN_64_TO_32_BIT_CONVERSION = YES;
				GCC_WARN_ABOUT_RETURN_TYPE = YES_ERROR;
				GCC_WARN_UNDECLARED_SELECTOR = YES;
				GCC_WARN_UNINITIALIZED_AUTOS = YES_AGGRESSIVE;
				GCC_WARN_UNUSED_FUNCTION = YES;
				GCC_WARN_UNUSED_VARIABLE = YES;
				IPHONEOS_DEPLOYMENT_TARGET = 15.4;
				MTL_ENABLE_DEBUG_INFO = INCLUDE_SOURCE;
				MTL_FAST_MATH = YES;
				ONLY_ACTIVE_ARCH = YES;
				SDKROOT = iphoneos;
				SWIFT_ACTIVE_COMPILATION_CONDITIONS = DEBUG;
				SWIFT_OPTIMIZATION_LEVEL = "-Onone";
			};
			name = Debug;
		};
		AF878E3B27EF83600089793E /* Release */ = {
			isa = XCBuildConfiguration;
			buildSettings = {
				ALWAYS_SEARCH_USER_PATHS = NO;
				CLANG_ANALYZER_NONNULL = YES;
				CLANG_ANALYZER_NUMBER_OBJECT_CONVERSION = YES_AGGRESSIVE;
				CLANG_CXX_LANGUAGE_STANDARD = "gnu++17";
				CLANG_ENABLE_MODULES = YES;
				CLANG_ENABLE_OBJC_ARC = YES;
				CLANG_ENABLE_OBJC_WEAK = YES;
				CLANG_WARN_BLOCK_CAPTURE_AUTORELEASING = YES;
				CLANG_WARN_BOOL_CONVERSION = YES;
				CLANG_WARN_COMMA = YES;
				CLANG_WARN_CONSTANT_CONVERSION = YES;
				CLANG_WARN_DEPRECATED_OBJC_IMPLEMENTATIONS = YES;
				CLANG_WARN_DIRECT_OBJC_ISA_USAGE = YES_ERROR;
				CLANG_WARN_DOCUMENTATION_COMMENTS = YES;
				CLANG_WARN_EMPTY_BODY = YES;
				CLANG_WARN_ENUM_CONVERSION = YES;
				CLANG_WARN_INFINITE_RECURSION = YES;
				CLANG_WARN_INT_CONVERSION = YES;
				CLANG_WARN_NON_LITERAL_NULL_CONVERSION = YES;
				CLANG_WARN_OBJC_IMPLICIT_RETAIN_SELF = YES;
				CLANG_WARN_OBJC_LITERAL_CONVERSION = YES;
				CLANG_WARN_OBJC_ROOT_CLASS = YES_ERROR;
				CLANG_WARN_QUOTED_INCLUDE_IN_FRAMEWORK_HEADER = YES;
				CLANG_WARN_RANGE_LOOP_ANALYSIS = YES;
				CLANG_WARN_STRICT_PROTOTYPES = YES;
				CLANG_WARN_SUSPICIOUS_MOVE = YES;
				CLANG_WARN_UNGUARDED_AVAILABILITY = YES_AGGRESSIVE;
				CLANG_WARN_UNREACHABLE_CODE = YES;
				CLANG_WARN__DUPLICATE_METHOD_MATCH = YES;
				COPY_PHASE_STRIP = NO;
				DEBUG_INFORMATION_FORMAT = "dwarf-with-dsym";
				ENABLE_NS_ASSERTIONS = NO;
				ENABLE_STRICT_OBJC_MSGSEND = YES;
				GCC_C_LANGUAGE_STANDARD = gnu11;
				GCC_NO_COMMON_BLOCKS = YES;
				GCC_WARN_64_TO_32_BIT_CONVERSION = YES;
				GCC_WARN_ABOUT_RETURN_TYPE = YES_ERROR;
				GCC_WARN_UNDECLARED_SELECTOR = YES;
				GCC_WARN_UNINITIALIZED_AUTOS = YES_AGGRESSIVE;
				GCC_WARN_UNUSED_FUNCTION = YES;
				GCC_WARN_UNUSED_VARIABLE = YES;
				IPHONEOS_DEPLOYMENT_TARGET = 15.4;
				MTL_ENABLE_DEBUG_INFO = NO;
				MTL_FAST_MATH = YES;
				SDKROOT = iphoneos;
				SWIFT_COMPILATION_MODE = wholemodule;
				SWIFT_OPTIMIZATION_LEVEL = "-O";
				VALIDATE_PRODUCT = YES;
			};
			name = Release;
		};
		AF878E3D27EF83600089793E /* Debug */ = {
			isa = XCBuildConfiguration;
			buildSettings = {
				ASSETCATALOG_COMPILER_APPICON_NAME = AppIcon;
				ASSETCATALOG_COMPILER_GLOBAL_ACCENT_COLOR_NAME = AccentColor;
				CODE_SIGN_STYLE = Automatic;
				CURRENT_PROJECT_VERSION = 1;
				DEVELOPMENT_ASSET_PATHS = "\"Bookworm/Preview Content\"";
				DEVELOPMENT_TEAM = 66XFVHP4G6;
				ENABLE_PREVIEWS = YES;
				GENERATE_INFOPLIST_FILE = YES;
				INFOPLIST_KEY_UIApplicationSceneManifest_Generation = YES;
				INFOPLIST_KEY_UIApplicationSupportsIndirectInputEvents = YES;
				INFOPLIST_KEY_UILaunchScreen_Generation = YES;
				INFOPLIST_KEY_UISupportedInterfaceOrientations_iPad = "UIInterfaceOrientationPortrait UIInterfaceOrientationPortraitUpsideDown UIInterfaceOrientationLandscapeLeft UIInterfaceOrientationLandscapeRight";
				INFOPLIST_KEY_UISupportedInterfaceOrientations_iPhone = "UIInterfaceOrientationPortrait UIInterfaceOrientationLandscapeLeft UIInterfaceOrientationLandscapeRight";
				LD_RUNPATH_SEARCH_PATHS = (
					"$(inherited)",
					"@executable_path/Frameworks",
				);
				MARKETING_VERSION = 1.0;
				PRODUCT_BUNDLE_IDENTIFIER = cpp.Bookworm;
				PRODUCT_NAME = "$(TARGET_NAME)";
				SWIFT_EMIT_LOC_STRINGS = YES;
				SWIFT_VERSION = 5.0;
				TARGETED_DEVICE_FAMILY = "1,2";
			};
			name = Debug;
		};
		AF878E3E27EF83600089793E /* Release */ = {
			isa = XCBuildConfiguration;
			buildSettings = {
				ASSETCATALOG_COMPILER_APPICON_NAME = AppIcon;
				ASSETCATALOG_COMPILER_GLOBAL_ACCENT_COLOR_NAME = AccentColor;
				CODE_SIGN_STYLE = Automatic;
				CURRENT_PROJECT_VERSION = 1;
				DEVELOPMENT_ASSET_PATHS = "\"Bookworm/Preview Content\"";
				DEVELOPMENT_TEAM = 66XFVHP4G6;
				ENABLE_PREVIEWS = YES;
				GENERATE_INFOPLIST_FILE = YES;
				INFOPLIST_KEY_UIApplicationSceneManifest_Generation = YES;
				INFOPLIST_KEY_UIApplicationSupportsIndirectInputEvents = YES;
				INFOPLIST_KEY_UILaunchScreen_Generation = YES;
				INFOPLIST_KEY_UISupportedInterfaceOrientations_iPad = "UIInterfaceOrientationPortrait UIInterfaceOrientationPortraitUpsideDown UIInterfaceOrientationLandscapeLeft UIInterfaceOrientationLandscapeRight";
				INFOPLIST_KEY_UISupportedInterfaceOrientations_iPhone = "UIInterfaceOrientationPortrait UIInterfaceOrientationLandscapeLeft UIInterfaceOrientationLandscapeRight";
				LD_RUNPATH_SEARCH_PATHS = (
					"$(inherited)",
					"@executable_path/Frameworks",
				);
				MARKETING_VERSION = 1.0;
				PRODUCT_BUNDLE_IDENTIFIER = cpp.Bookworm;
				PRODUCT_NAME = "$(TARGET_NAME)";
				SWIFT_EMIT_LOC_STRINGS = YES;
				SWIFT_VERSION = 5.0;
				TARGETED_DEVICE_FAMILY = "1,2";
			};
			name = Release;
		};
/* End XCBuildConfiguration section */

/* Begin XCConfigurationList section */
		AF878E2927EF835D0089793E /* Build configuration list for PBXProject "Bookworm" */ = {
			isa = XCConfigurationList;
			buildConfigurations = (
				AF878E3A27EF83600089793E /* Debug */,
				AF878E3B27EF83600089793E /* Release */,
			);
			defaultConfigurationIsVisible = 0;
			defaultConfigurationName = Release;
		};
		AF878E3C27EF83600089793E /* Build configuration list for PBXNativeTarget "Bookworm" */ = {
			isa = XCConfigurationList;
			buildConfigurations = (
				AF878E3D27EF83600089793E /* Debug */,
				AF878E3E27EF83600089793E /* Release */,
			);
			defaultConfigurationIsVisible = 0;
			defaultConfigurationName = Release;
		};
/* End XCConfigurationList section */

/* Begin XCVersionGroup section */
		AF878E3F27EF885B0089793E /* Bookworm.xcdatamodeld */ = {
			isa = XCVersionGroup;
			children = (
				AF878E4027EF885B0089793E /* Bookworm.xcdatamodel */,
			);
			currentVersion = AF878E4027EF885B0089793E /* Bookworm.xcdatamodel */;
			path = Bookworm.xcdatamodeld;
			sourceTree = "<group>";
			versionGroupType = wrapper.xcdatamodel;
		};
/* End XCVersionGroup section */
	};
	rootObject = AF878E2627EF835D0089793E /* Project object */;
}
